// !$*UTF8*$!
{
	archiveVersion = 1;
	classes = {
	};
	objectVersion = 46;
	objects = {

/* Begin PBXBuildFile section */
		5EC3B83D1C67DC4E0047A081 /* AppDelegate.swift in Sources */ = {isa = PBXBuildFile; fileRef = 5EC3B83C1C67DC4E0047A081 /* AppDelegate.swift */; };
		5EC3B83F1C67DC4E0047A081 /* ViewController.swift in Sources */ = {isa = PBXBuildFile; fileRef = 5EC3B83E1C67DC4E0047A081 /* ViewController.swift */; };
		5EC3B8421C67DC4E0047A081 /* Main.storyboard in Resources */ = {isa = PBXBuildFile; fileRef = 5EC3B8401C67DC4E0047A081 /* Main.storyboard */; };
		5EC3B8441C67DC4E0047A081 /* Assets.xcassets in Resources */ = {isa = PBXBuildFile; fileRef = 5EC3B8431C67DC4E0047A081 /* Assets.xcassets */; };
		5EC3B8471C67DC4E0047A081 /* LaunchScreen.storyboard in Resources */ = {isa = PBXBuildFile; fileRef = 5EC3B8451C67DC4E0047A081 /* LaunchScreen.storyboard */; };
		5EC3B8521C67DC4E0047A081 /* loadImageTests.swift in Sources */ = {isa = PBXBuildFile; fileRef = 5EC3B8511C67DC4E0047A081 /* loadImageTests.swift */; };
		5EC3B85D1C67DC4E0047A081 /* loadImageUITests.swift in Sources */ = {isa = PBXBuildFile; fileRef = 5EC3B85C1C67DC4E0047A081 /* loadImageUITests.swift */; };
/* End PBXBuildFile section */

/* Begin PBXContainerItemProxy section */
		5EC3B84E1C67DC4E0047A081 /* PBXContainerItemProxy */ = {
			isa = PBXContainerItemProxy;
			containerPortal = 5EC3B8311C67DC4E0047A081 /* Project object */;
			proxyType = 1;
			remoteGlobalIDString = 5EC3B8381C67DC4E0047A081;
			remoteInfo = loadImage;
		};
		5EC3B8591C67DC4E0047A081 /* PBXContainerItemProxy */ = {
			isa = PBXContainerItemProxy;
			containerPortal = 5EC3B8311C67DC4E0047A081 /* Project object */;
			proxyType = 1;
			remoteGlobalIDString = 5EC3B8381C67DC4E0047A081;
			remoteInfo = loadImage;
		};
/* End PBXContainerItemProxy section */

/* Begin PBXFileReference section */
		5EC3B8391C67DC4E0047A081 /* loadImage.app */ = {isa = PBXFileReference; explicitFileType = wrapper.application; includeInIndex = 0; path = loadImage.app; sourceTree = BUILT_PRODUCTS_DIR; };
		5EC3B83C1C67DC4E0047A081 /* AppDelegate.swift */ = {isa = PBXFileReference; lastKnownFileType = sourcecode.swift; path = AppDelegate.swift; sourceTree = "<group>"; };
		5EC3B83E1C67DC4E0047A081 /* ViewController.swift */ = {isa = PBXFileReference; lastKnownFileType = sourcecode.swift; path = ViewController.swift; sourceTree = "<group>"; };
		5EC3B8411C67DC4E0047A081 /* Base */ = {isa = PBXFileReference; lastKnownFileType = file.storyboard; name = Base; path = Base.lproj/Main.storyboard; sourceTree = "<group>"; };
		5EC3B8431C67DC4E0047A081 /* Assets.xcassets */ = {isa = PBXFileReference; lastKnownFileType = folder.assetcatalog; path = Assets.xcassets; sourceTree = "<group>"; };
		5EC3B8461C67DC4E0047A081 /* Base */ = {isa = PBXFileReference; lastKnownFileType = file.storyboard; name = Base; path = Base.lproj/LaunchScreen.storyboard; sourceTree = "<group>"; };
		5EC3B8481C67DC4E0047A081 /* Info.plist */ = {isa = PBXFileReference; lastKnownFileType = text.plist.xml; path = Info.plist; sourceTree = "<group>"; };
		5EC3B84D1C67DC4E0047A081 /* loadImageTests.xctest */ = {isa = PBXFileReference; explicitFileType = wrapper.cfbundle; includeInIndex = 0; path = loadImageTests.xctest; sourceTree = BUILT_PRODUCTS_DIR; };
		5EC3B8511C67DC4E0047A081 /* loadImageTests.swift */ = {isa = PBXFileReference; lastKnownFileType = sourcecode.swift; path = loadImageTests.swift; sourceTree = "<group>"; };
		5EC3B8531C67DC4E0047A081 /* Info.plist */ = {isa = PBXFileReference; lastKnownFileType = text.plist.xml; path = Info.plist; sourceTree = "<group>"; };
		5EC3B8581C67DC4E0047A081 /* loadImageUITests.xctest */ = {isa = PBXFileReference; explicitFileType = wrapper.cfbundle; includeInIndex = 0; path = loadImageUITests.xctest; sourceTree = BUILT_PRODUCTS_DIR; };
		5EC3B85C1C67DC4E0047A081 /* loadImageUITests.swift */ = {isa = PBXFileReference; lastKnownFileType = sourcecode.swift; path = loadImageUITests.swift; sourceTree = "<group>"; };
		5EC3B85E1C67DC4E0047A081 /* Info.plist */ = {isa = PBXFileReference; lastKnownFileType = text.plist.xml; path = Info.plist; sourceTree = "<group>"; };
/* End PBXFileReference section */

/* Begin PBXFrameworksBuildPhase section */
		5EC3B8361C67DC4E0047A081 /* Frameworks */ = {
			isa = PBXFrameworksBuildPhase;
			buildActionMask = 2147483647;
			files = (
			);
			runOnlyForDeploymentPostprocessing = 0;
		};
		5EC3B84A1C67DC4E0047A081 /* Frameworks */ = {
			isa = PBXFrameworksBuildPhase;
			buildActionMask = 2147483647;
			files = (
			);
			runOnlyForDeploymentPostprocessing = 0;
		};
		5EC3B8551C67DC4E0047A081 /* Frameworks */ = {
			isa = PBXFrameworksBuildPhase;
			buildActionMask = 2147483647;
			files = (
			);
			runOnlyForDeploymentPostprocessing = 0;
		};
/* End PBXFrameworksBuildPhase section */

/* Begin PBXGroup section */
		5EC3B8301C67DC4E0047A081 = {
			isa = PBXGroup;
			children = (
				5EC3B83B1C67DC4E0047A081 /* loadImage */,
				5EC3B8501C67DC4E0047A081 /* loadImageTests */,
				5EC3B85B1C67DC4E0047A081 /* loadImageUITests */,
				5EC3B83A1C67DC4E0047A081 /* Products */,
			);
			sourceTree = "<group>";
		};
		5EC3B83A1C67DC4E0047A081 /* Products */ = {
			isa = PBXGroup;
			children = (
				5EC3B8391C67DC4E0047A081 /* loadImage.app */,
				5EC3B84D1C67DC4E0047A081 /* loadImageTests.xctest */,
				5EC3B8581C67DC4E0047A081 /* loadImageUITests.xctest */,
			);
			name = Products;
			sourceTree = "<group>";
		};
		5EC3B83B1C67DC4E0047A081 /* loadImage */ = {
			isa = PBXGroup;
			children = (
				5EC3B83C1C67DC4E0047A081 /* AppDelegate.swift */,
				5EC3B83E1C67DC4E0047A081 /* ViewController.swift */,
				5EC3B8401C67DC4E0047A081 /* Main.storyboard */,
				5EC3B8431C67DC4E0047A081 /* Assets.xcassets */,
				5EC3B8451C67DC4E0047A081 /* LaunchScreen.storyboard */,
				5EC3B8481C67DC4E0047A081 /* Info.plist */,
			);
			path = loadImage;
			sourceTree = "<group>";
		};
		5EC3B8501C67DC4E0047A081 /* loadImageTests */ = {
			isa = PBXGroup;
			children = (
				5EC3B8511C67DC4E0047A081 /* loadImageTests.swift */,
				5EC3B8531C67DC4E0047A081 /* Info.plist */,
			);
			path = loadImageTests;
			sourceTree = "<group>";
		};
		5EC3B85B1C67DC4E0047A081 /* loadImageUITests */ = {
			isa = PBXGroup;
			children = (
				5EC3B85C1C67DC4E0047A081 /* loadImageUITests.swift */,
				5EC3B85E1C67DC4E0047A081 /* Info.plist */,
			);
			path = loadImageUITests;
			sourceTree = "<group>";
		};
/* End PBXGroup section */

/* Begin PBXNativeTarget section */
		5EC3B8381C67DC4E0047A081 /* loadImage */ = {
			isa = PBXNativeTarget;
			buildConfigurationList = 5EC3B8611C67DC4E0047A081 /* Build configuration list for PBXNativeTarget "loadImage" */;
			buildPhases = (
				5EC3B8351C67DC4E0047A081 /* Sources */,
				5EC3B8361C67DC4E0047A081 /* Frameworks */,
				5EC3B8371C67DC4E0047A081 /* Resources */,
			);
			buildRules = (
			);
			dependencies = (
			);
			name = loadImage;
			productName = loadImage;
			productReference = 5EC3B8391C67DC4E0047A081 /* loadImage.app */;
			productType = "com.apple.product-type.application";
		};
		5EC3B84C1C67DC4E0047A081 /* loadImageTests */ = {
			isa = PBXNativeTarget;
			buildConfigurationList = 5EC3B8641C67DC4E0047A081 /* Build configuration list for PBXNativeTarget "loadImageTests" */;
			buildPhases = (
				5EC3B8491C67DC4E0047A081 /* Sources */,
				5EC3B84A1C67DC4E0047A081 /* Frameworks */,
				5EC3B84B1C67DC4E0047A081 /* Resources */,
			);
			buildRules = (
			);
			dependencies = (
				5EC3B84F1C67DC4E0047A081 /* PBXTargetDependency */,
			);
			name = loadImageTests;
			productName = loadImageTests;
			productReference = 5EC3B84D1C67DC4E0047A081 /* loadImageTests.xctest */;
			productType = "com.apple.product-type.bundle.unit-test";
		};
		5EC3B8571C67DC4E0047A081 /* loadImageUITests */ = {
			isa = PBXNativeTarget;
			buildConfigurationList = 5EC3B8671C67DC4E0047A081 /* Build configuration list for PBXNativeTarget "loadImageUITests" */;
			buildPhases = (
				5EC3B8541C67DC4E0047A081 /* Sources */,
				5EC3B8551C67DC4E0047A081 /* Frameworks */,
				5EC3B8561C67DC4E0047A081 /* Resources */,
			);
			buildRules = (
			);
			dependencies = (
				5EC3B85A1C67DC4E0047A081 /* PBXTargetDependency */,
			);
			name = loadImageUITests;
			productName = loadImageUITests;
			productReference = 5EC3B8581C67DC4E0047A081 /* loadImageUITests.xctest */;
			productType = "com.apple.product-type.bundle.ui-testing";
		};
/* End PBXNativeTarget section */

/* Begin PBXProject section */
		5EC3B8311C67DC4E0047A081 /* Project object */ = {
			isa = PBXProject;
			attributes = {
				LastSwiftUpdateCheck = 0720;
				LastUpgradeCheck = 0720;
				ORGANIZATIONNAME = Madhukar;
				TargetAttributes = {
					5EC3B8381C67DC4E0047A081 = {
						CreatedOnToolsVersion = 7.2.1;
						DevelopmentTeam = NTERF79YHA;
					};
					5EC3B84C1C67DC4E0047A081 = {
						CreatedOnToolsVersion = 7.2.1;
						TestTargetID = 5EC3B8381C67DC4E0047A081;
					};
					5EC3B8571C67DC4E0047A081 = {
						CreatedOnToolsVersion = 7.2.1;
						TestTargetID = 5EC3B8381C67DC4E0047A081;
					};
				};
			};
			buildConfigurationList = 5EC3B8341C67DC4E0047A081 /* Build configuration list for PBXProject "loadImage" */;
			compatibilityVersion = "Xcode 3.2";
			developmentRegion = English;
			hasScannedForEncodings = 0;
			knownRegions = (
				en,
				Base,
			);
			mainGroup = 5EC3B8301C67DC4E0047A081;
			productRefGroup = 5EC3B83A1C67DC4E0047A081 /* Products */;
			projectDirPath = "";
			projectRoot = "";
			targets = (
				5EC3B8381C67DC4E0047A081 /* loadImage */,
				5EC3B84C1C67DC4E0047A081 /* loadImageTests */,
				5EC3B8571C67DC4E0047A081 /* loadImageUITests */,
			);
		};
/* End PBXProject section */

/* Begin PBXResourcesBuildPhase section */
		5EC3B8371C67DC4E0047A081 /* Resources */ = {
			isa = PBXResourcesBuildPhase;
			buildActionMask = 2147483647;
			files = (
				5EC3B8471C67DC4E0047A081 /* LaunchScreen.storyboard in Resources */,
				5EC3B8441C67DC4E0047A081 /* Assets.xcassets in Resources */,
				5EC3B8421C67DC4E0047A081 /* Main.storyboard in Resources */,
			);
			runOnlyForDeploymentPostprocessing = 0;
		};
		5EC3B84B1C67DC4E0047A081 /* Resources */ = {
			isa = PBXResourcesBuildPhase;
			buildActionMask = 2147483647;
			files = (
			);
			runOnlyForDeploymentPostprocessing = 0;
		};
		5EC3B8561C67DC4E0047A081 /* Resources */ = {
			isa = PBXResourcesBuildPhase;
			buildActionMask = 2147483647;
			files = (
			);
			runOnlyForDeploymentPostprocessing = 0;
		};
/* End PBXResourcesBuildPhase section */

/* Begin PBXSourcesBuildPhase section */
		5EC3B8351C67DC4E0047A081 /* Sources */ = {
			isa = PBXSourcesBuildPhase;
			buildActionMask = 2147483647;
			files = (
				5EC3B83F1C67DC4E0047A081 /* ViewController.swift in Sources */,
				5EC3B83D1C67DC4E0047A081 /* AppDelegate.swift in Sources */,
			);
			runOnlyForDeploymentPostprocessing = 0;
		};
		5EC3B8491C67DC4E0047A081 /* Sources */ = {
			isa = PBXSourcesBuildPhase;
			buildActionMask = 2147483647;
			files = (
				5EC3B8521C67DC4E0047A081 /* loadImageTests.swift in Sources */,
			);
			runOnlyForDeploymentPostprocessing = 0;
		};
		5EC3B8541C67DC4E0047A081 /* Sources */ = {
			isa = PBXSourcesBuildPhase;
			buildActionMask = 2147483647;
			files = (
				5EC3B85D1C67DC4E0047A081 /* loadImageUITests.swift in Sources */,
			);
			runOnlyForDeploymentPostprocessing = 0;
		};
/* End PBXSourcesBuildPhase section */

/* Begin PBXTargetDependency section */
		5EC3B84F1C67DC4E0047A081 /* PBXTargetDependency */ = {
			isa = PBXTargetDependency;
			target = 5EC3B8381C67DC4E0047A081 /* loadImage */;
			targetProxy = 5EC3B84E1C67DC4E0047A081 /* PBXContainerItemProxy */;
		};
		5EC3B85A1C67DC4E0047A081 /* PBXTargetDependency */ = {
			isa = PBXTargetDependency;
			target = 5EC3B8381C67DC4E0047A081 /* loadImage */;
			targetProxy = 5EC3B8591C67DC4E0047A081 /* PBXContainerItemProxy */;
		};
/* End PBXTargetDependency section */

/* Begin PBXVariantGroup section */
		5EC3B8401C67DC4E0047A081 /* Main.storyboard */ = {
			isa = PBXVariantGroup;
			children = (
				5EC3B8411C67DC4E0047A081 /* Base */,
			);
			name = Main.storyboard;
			sourceTree = "<group>";
		};
		5EC3B8451C67DC4E0047A081 /* LaunchScreen.storyboard */ = {
			isa = PBXVariantGroup;
			children = (
				5EC3B8461C67DC4E0047A081 /* Base */,
			);
			name = LaunchScreen.storyboard;
			sourceTree = "<group>";
		};
/* End PBXVariantGroup section */

/* Begin XCBuildConfiguration section */
		5EC3B85F1C67DC4E0047A081 /* Debug */ = {
			isa = XCBuildConfiguration;
			buildSettings = {
				ALWAYS_SEARCH_USER_PATHS = NO;
				CLANG_CXX_LANGUAGE_STANDARD = "gnu++0x";
				CLANG_CXX_LIBRARY = "libc++";
				CLANG_ENABLE_MODULES = YES;
				CLANG_ENABLE_OBJC_ARC = YES;
				CLANG_WARN_BOOL_CONVERSION = YES;
				CLANG_WARN_CONSTANT_CONVERSION = YES;
				CLANG_WARN_DIRECT_OBJC_ISA_USAGE = YES_ERROR;
				CLANG_WARN_EMPTY_BODY = YES;
				CLANG_WARN_ENUM_CONVERSION = YES;
				CLANG_WARN_INT_CONVERSION = YES;
				CLANG_WARN_OBJC_ROOT_CLASS = YES_ERROR;
				CLANG_WARN_UNREACHABLE_CODE = YES;
				CLANG_WARN__DUPLICATE_METHOD_MATCH = YES;
				"CODE_SIGN_IDENTITY[sdk=iphoneos*]" = "iPhone Developer";
				COPY_PHASE_STRIP = NO;
				DEBUG_INFORMATION_FORMAT = dwarf;
				ENABLE_STRICT_OBJC_MSGSEND = YES;
				ENABLE_TESTABILITY = YES;
				GCC_C_LANGUAGE_STANDARD = gnu99;
				GCC_DYNAMIC_NO_PIC = NO;
				GCC_NO_COMMON_BLOCKS = YES;
				GCC_OPTIMIZATION_LEVEL = 0;
				GCC_PREPROCESSOR_DEFINITIONS = (
					"DEBUG=1",
					"$(inherited)",
				);
				GCC_WARN_64_TO_32_BIT_CONVERSION = YES;
				GCC_WARN_ABOUT_RETURN_TYPE = YES_ERROR;
				GCC_WARN_UNDECLARED_SELECTOR = YES;
				GCC_WARN_UNINITIALIZED_AUTOS = YES_AGGRESSIVE;
				GCC_WARN_UNUSED_FUNCTION = YES;
				GCC_WARN_UNUSED_VARIABLE = YES;
				IPHONEOS_DEPLOYMENT_TARGET = 9.2;
				MTL_ENABLE_DEBUG_INFO = YES;
				ONLY_ACTIVE_ARCH = YES;
				SDKROOT = iphoneos;
				SWIFT_OPTIMIZATION_LEVEL = "-Onone";
			};
			name = Debug;
		};
		5EC3B8601C67DC4E0047A081 /* Release */ = {
			isa = XCBuildConfiguration;
			buildSettings = {
				ALWAYS_SEARCH_USER_PATHS = NO;
				CLANG_CXX_LANGUAGE_STANDARD = "gnu++0x";
				CLANG_CXX_LIBRARY = "libc++";
				CLANG_ENABLE_MODULES = YES;
				CLANG_ENABLE_OBJC_ARC = YES;
				CLANG_WARN_BOOL_CONVERSION = YES;
				CLANG_WARN_CONSTANT_CONVERSION = YES;
				CLANG_WARN_DIRECT_OBJC_ISA_USAGE = YES_ERROR;
				CLANG_WARN_EMPTY_BODY = YES;
				CLANG_WARN_ENUM_CONVERSION = YES;
				CLANG_WARN_INT_CONVERSION = YES;
				CLANG_WARN_OBJC_ROOT_CLASS = YES_ERROR;
				CLANG_WARN_UNREACHABLE_CODE = YES;
				CLANG_WARN__DUPLICATE_METHOD_MATCH = YES;
				"CODE_SIGN_IDENTITY[sdk=iphoneos*]" = "iPhone Developer";
				COPY_PHASE_STRIP = NO;
				DEBUG_INFORMATION_FORMAT = "dwarf-with-dsym";
				ENABLE_NS_ASSERTIONS = NO;
				ENABLE_STRICT_OBJC_MSGSEND = YES;
				GCC_C_LANGUAGE_STANDARD = gnu99;
				GCC_NO_COMMON_BLOCKS = YES;
				GCC_WARN_64_TO_32_BIT_CONVERSION = YES;
				GCC_WARN_ABOUT_RETURN_TYPE = YES_ERROR;
				GCC_WARN_UNDECLARED_SELECTOR = YES;
				GCC_WARN_UNINITIALIZED_AUTOS = YES_AGGRESSIVE;
				GCC_WARN_UNUSED_FUNCTION = YES;
				GCC_WARN_UNUSED_VARIABLE = YES;
				IPHONEOS_DEPLOYMENT_TARGET = 9.2;
				MTL_ENABLE_DEBUG_INFO = NO;
				SDKROOT = iphoneos;
				VALIDATE_PRODUCT = YES;
			};
			name = Release;
		};
		5EC3B8621C67DC4E0047A081 /* Debug */ = {
			isa = XCBuildConfiguration;
			buildSettings = {
				ASSETCATALOG_COMPILER_APPICON_NAME = AppIcon;
				CODE_SIGN_IDENTITY = "iPhone Developer";
				"CODE_SIGN_IDENTITY[sdk=iphoneos*]" = "iPhone Developer";
				INFOPLIST_FILE = loadImage/Info.plist;
				LD_RUNPATH_SEARCH_PATHS = "$(inherited) @executable_path/Frameworks";
				PRODUCT_BUNDLE_IDENTIFIER = Madhukar.loadImage;
				PRODUCT_NAME = "$(TARGET_NAME)";
				PROVISIONING_PROFILE = "";
			};
			name = Debug;
		};
		5EC3B8631C67DC4E0047A081 /* Release */ = {
			isa = XCBuildConfiguration;
			buildSettings = {
				ASSETCATALOG_COMPILER_APPICON_NAME = AppIcon;
				CODE_SIGN_IDENTITY = "iPhone Developer";
				"CODE_SIGN_IDENTITY[sdk=iphoneos*]" = "iPhone Developer";
				INFOPLIST_FILE = loadImage/Info.plist;
				LD_RUNPATH_SEARCH_PATHS = "$(inherited) @executable_path/Frameworks";
				PRODUCT_BUNDLE_IDENTIFIER = Madhukar.loadImage;
				PRODUCT_NAME = "$(TARGET_NAME)";
				PROVISIONING_PROFILE = "";
			};
			name = Release;
		};
		5EC3B8651C67DC4E0047A081 /* Debug */ = {
			isa = XCBuildConfiguration;
			buildSettings = {
				BUNDLE_LOADER = "$(TEST_HOST)";
				INFOPLIST_FILE = loadImageTests/Info.plist;
				LD_RUNPATH_SEARCH_PATHS = "$(inherited) @executable_path/Frameworks @loader_path/Frameworks";
				PRODUCT_BUNDLE_IDENTIFIER = Madhukar.loadImageTests;
				PRODUCT_NAME = "$(TARGET_NAME)";
				TEST_HOST = "$(BUILT_PRODUCTS_DIR)/loadImage.app/loadImage";
			};
			name = Debug;
		};
		5EC3B8661C67DC4E0047A081 /* Release */ = {
			isa = XCBuildConfiguration;
			buildSettings = {
				BUNDLE_LOADER = "$(TEST_HOST)";
				INFOPLIST_FILE = loadImageTests/Info.plist;
				LD_RUNPATH_SEARCH_PATHS = "$(inherited) @executable_path/Frameworks @loader_path/Frameworks";
				PRODUCT_BUNDLE_IDENTIFIER = Madhukar.loadImageTests;
				PRODUCT_NAME = "$(TARGET_NAME)";
				TEST_HOST = "$(BUILT_PRODUCTS_DIR)/loadImage.app/loadImage";
			};
			name = Release;
		};
		5EC3B8681C67DC4E0047A081 /* Debug */ = {
			isa = XCBuildConfiguration;
			buildSettings = {
				INFOPLIST_FILE = loadImageUITests/Info.plist;
				LD_RUNPATH_SEARCH_PATHS = "$(inherited) @executable_path/Frameworks @loader_path/Frameworks";
				PRODUCT_BUNDLE_IDENTIFIER = Madhukar.loadImageUITests;
				PRODUCT_NAME = "$(TARGET_NAME)";
				TEST_TARGET_NAME = loadImage;
				USES_XCTRUNNER = YES;
			};
			name = Debug;
		};
		5EC3B8691C67DC4E0047A081 /* Release */ = {
			isa = XCBuildConfiguration;
			buildSettings = {
				INFOPLIST_FILE = loadImageUITests/Info.plist;
				LD_RUNPATH_SEARCH_PATHS = "$(inherited) @executable_path/Frameworks @loader_path/Frameworks";
				PRODUCT_BUNDLE_IDENTIFIER = Madhukar.loadImageUITests;
				PRODUCT_NAME = "$(TARGET_NAME)";
				TEST_TARGET_NAME = loadImage;
				USES_XCTRUNNER = YES;
			};
			name = Release;
		};
/* End XCBuildConfiguration section */

/* Begin XCConfigurationList section */
		5EC3B8341C67DC4E0047A081 /* Build configuration list for PBXProject "loadImage" */ = {
			isa = XCConfigurationList;
			buildConfigurations = (
				5EC3B85F1C67DC4E0047A081 /* Debug */,
				5EC3B8601C67DC4E0047A081 /* Release */,
			);
			defaultConfigurationIsVisible = 0;
			defaultConfigurationName = Release;
		};
		5EC3B8611C67DC4E0047A081 /* Build configuration list for PBXNativeTarget "loadImage" */ = {
			isa = XCConfigurationList;
			buildConfigurations = (
				5EC3B8621C67DC4E0047A081 /* Debug */,
				5EC3B8631C67DC4E0047A081 /* Release */,
			);
			defaultConfigurationIsVisible = 0;
		};
		5EC3B8641C67DC4E0047A081 /* Build configuration list for PBXNativeTarget "loadImageTests" */ = {
			isa = XCConfigurationList;
			buildConfigurations = (
				5EC3B8651C67DC4E0047A081 /* Debug */,
				5EC3B8661C67DC4E0047A081 /* Release */,
			);
			defaultConfigurationIsVisible = 0;
		};
		5EC3B8671C67DC4E0047A081 /* Build configuration list for PBXNativeTarget "loadImageUITests" */ = {
			isa = XCConfigurationList;
			buildConfigurations = (
				5EC3B8681C67DC4E0047A081 /* Debug */,
				5EC3B8691C67DC4E0047A081 /* Release */,
			);
			defaultConfigurationIsVisible = 0;
		};
/* End XCConfigurationList section */
	};
	rootObject = 5EC3B8311C67DC4E0047A081 /* Project object */;
}
